{
  "requires": true,
  "lockfileVersion": 1,
  "dependencies": {
    "chess": {
      "version": "0.3.3",
      "resolved": "https://registry.npmjs.org/chess/-/chess-0.3.3.tgz",
      "integrity": "sha512-RJcNpyOGmuMcitjGKi7Ry43vxiUd/ZXF7NP9aw8mYHXR+9l3Dfay5bu2wktQ09Nf1uZ2jORyM6m+ZYkjKdq9dQ=="
    },
    "cm-chessboard": {
      "version": "2.13.8",
      "resolved": "https://registry.npmjs.org/cm-chessboard/-/cm-chessboard-2.13.8.tgz",
      "integrity": "sha512-GVGYTD0xetuHfnK+CwsEWpiN7tUFeyhQlUMtBVbgHe45NEhX8amin2w5yjBiYY/6s2SiDD/R28EPb0/E/VMgEA==",
      "requires": {
        "svjs-svg": "^1.1.9",
        "web-module-linker": "^1.0.5"
      }
    },
    "normalize.css": {
      "version": "8.0.1",
      "resolved": "https://registry.npmjs.org/normalize.css/-/normalize.css-8.0.1.tgz",
      "integrity": "sha512-qizSNPO93t1YUuUhP22btGOo3chcvDFqFaj2TRybP0DMxkHOCTYwp3n34fel4a31ORXy4m1Xq0Gyqpb5m33qIg=="
    },
    "svjs-svg": {
      "version": "1.1.10",
      "resolved": "https://registry.npmjs.org/svjs-svg/-/svjs-svg-1.1.10.tgz",
      "integrity": "sha512-8At2Mz5Gc3HcHECQkzYLb3L4xHREF0PH+Rpk9NzGJg/Y8dsftl6j0RjeFwLKjmVDkSF0S21nbnbWPggZh3UqCg=="
    },
    "web-module-linker": {
      "version": "1.0.5",
      "resolved": "https://registry.npmjs.org/web-module-linker/-/web-module-linker-1.0.5.tgz",
      "integrity": "sha512-53WCzeEWvIMF2edUjS3A4i/5Rqfc4ynRo6BetAdEP6rUM+YyHadbUtboYNKDmKuvrMWWwDcZ+rZisXmho//36w=="
    }
  }
}
